
Microsoft Visual Studio Solution File, Format Version 12.00
# Visual Studio Version 17
VisualStudioVersion = 17.4.33403.182
MinimumVisualStudioVersion = 10.0.40219.1
Project("{8BC9CEB8-8B4A-11D0-8D11-00A0C91BC942}") = "overlay", "overlay\overlay.vcxproj", "{8C1934F5-BFA2-4CF2-8A40-A6C0CA1A1661}"
EndProject
Global
	GlobalSection(SolutionConfigurationPlatforms) = preSolution
		Debug|x64 = Debug|x64
		Debug|x86 = Debug|x86
		Release|x64 = Release|x64
		Release|x86 = Release|x86
	EndGlobalSection
	GlobalSection(ProjectConfigurationPlatforms) = postSolution
		{8C1934F5-BFA2-4CF2-8A40-A6C0CA1A1661}.Debug|x64.ActiveCfg = Debug|x64
		{8C1934F5-BFA2-4CF2-8A40-A6C0CA1A1661}.Debug|x64.Build.0 = Debug|x64
		{8C1934F5-BFA2-4CF2-8A40-A6C0CA1A1661}.Debug|x86.ActiveCfg = Debug|Win32
		{8C1934F5-BFA2-4CF2-8A40-A6C0CA1A1661}.Debug|x86.Build.0 = Debug|Win32
		{8C1934F5-BFA2-4CF2-8A40-A6C0CA1A1661}.Release|x64.ActiveCfg = Release|x64
		{8C1934F5-BFA2-4CF2-8A40-A6C0CA1A1661}.Release|x64.Build.0 = Release|x64
		{8C1934F5-BFA2-4CF2-8A40-A6C0CA1A1661}.Release|x86.ActiveCfg = Release|Win32
		{8C1934F5-BFA2-4CF2-8A40-A6C0CA1A1661}.Release|x86.Build.0 = Release|Win32
	EndGlobalSection
	GlobalSection(SolutionProperties) = preSolution
		HideSolutionNode = FALSE
	EndGlobalSection
	GlobalSection(ExtensibilityGlobals) = postSolution
		SolutionGuid = {A7E782AE-075F-4E18-A7BA-D5DC29F528C9}
	EndGlobalSection
EndGlobal
